
Microsoft Visual Studio Solution File, Format Version 12.00
# Visual Studio Version 17
VisualStudioVersion = 17.0.31903.59
MinimumVisualStudioVersion = 10.0.40219.1
Project("{FAE04EC0-301F-11D3-BF4B-00C04F79EFBC}") = "HotelManager.Cli", "HotelManager.Cli\HotelManager.Cli.csproj", "{8C8029C2-7553-460E-A2EF-92E5AB361502}"
EndProject
Project("{FAE04EC0-301F-11D3-BF4B-00C04F79EFBC}") = "HotelManager.Core", "HotelManager.Core\HotelManager.Core.csproj", "{BE30A721-F0CE-4BB1-A59E-50B1E2546579}"
EndProject
Global
	GlobalSection(SolutionConfigurationPlatforms) = preSolution
		Debug|Any CPU = Debug|Any CPU
		Debug|x64 = Debug|x64
		Debug|x86 = Debug|x86
		Release|Any CPU = Release|Any CPU
		Release|x64 = Release|x64
		Release|x86 = Release|x86
	EndGlobalSection
	GlobalSection(ProjectConfigurationPlatforms) = postSolution
		{8C8029C2-7553-460E-A2EF-92E5AB361502}.Debug|Any CPU.ActiveCfg = Debug|Any CPU
		{8C8029C2-7553-460E-A2EF-92E5AB361502}.Debug|Any CPU.Build.0 = Debug|Any CPU
		{8C8029C2-7553-460E-A2EF-92E5AB361502}.Debug|x64.ActiveCfg = Debug|Any CPU
		{8C8029C2-7553-460E-A2EF-92E5AB361502}.Debug|x64.Build.0 = Debug|Any CPU
		{8C8029C2-7553-460E-A2EF-92E5AB361502}.Debug|x86.ActiveCfg = Debug|Any CPU
		{8C8029C2-7553-460E-A2EF-92E5AB361502}.Debug|x86.Build.0 = Debug|Any CPU
		{8C8029C2-7553-460E-A2EF-92E5AB361502}.Release|Any CPU.ActiveCfg = Release|Any CPU
		{8C8029C2-7553-460E-A2EF-92E5AB361502}.Release|Any CPU.Build.0 = Release|Any CPU
		{8C8029C2-7553-460E-A2EF-92E5AB361502}.Release|x64.ActiveCfg = Release|Any CPU
		{8C8029C2-7553-460E-A2EF-92E5AB361502}.Release|x64.Build.0 = Release|Any CPU
		{8C8029C2-7553-460E-A2EF-92E5AB361502}.Release|x86.ActiveCfg = Release|Any CPU
		{8C8029C2-7553-460E-A2EF-92E5AB361502}.Release|x86.Build.0 = Release|Any CPU
		{BE30A721-F0CE-4BB1-A59E-50B1E2546579}.Debug|Any CPU.ActiveCfg = Debug|Any CPU
		{BE30A721-F0CE-4BB1-A59E-50B1E2546579}.Debug|Any CPU.Build.0 = Debug|Any CPU
		{BE30A721-F0CE-4BB1-A59E-50B1E2546579}.Debug|x64.ActiveCfg = Debug|Any CPU
		{BE30A721-F0CE-4BB1-A59E-50B1E2546579}.Debug|x64.Build.0 = Debug|Any CPU
		{BE30A721-F0CE-4BB1-A59E-50B1E2546579}.Debug|x86.ActiveCfg = Debug|Any CPU
		{BE30A721-F0CE-4BB1-A59E-50B1E2546579}.Debug|x86.Build.0 = Debug|Any CPU
		{BE30A721-F0CE-4BB1-A59E-50B1E2546579}.Release|Any CPU.ActiveCfg = Release|Any CPU
		{BE30A721-F0CE-4BB1-A59E-50B1E2546579}.Release|Any CPU.Build.0 = Release|Any CPU
		{BE30A721-F0CE-4BB1-A59E-50B1E2546579}.Release|x64.ActiveCfg = Release|Any CPU
		{BE30A721-F0CE-4BB1-A59E-50B1E2546579}.Release|x64.Build.0 = Release|Any CPU
		{BE30A721-F0CE-4BB1-A59E-50B1E2546579}.Release|x86.ActiveCfg = Release|Any CPU
		{BE30A721-F0CE-4BB1-A59E-50B1E2546579}.Release|x86.Build.0 = Release|Any CPU
	EndGlobalSection
	GlobalSection(SolutionProperties) = preSolution
		HideSolutionNode = FALSE
	EndGlobalSection
EndGlobal
